
Microsoft Visual Studio Solution File, Format Version 12.00
# Visual Studio 14
VisualStudioVersion = 14.0.25420.1
MinimumVisualStudioVersion = 10.0.40219.1
Project("{2150E333-8FDC-42A3-9474-1A3956D46DE8}") = "Core", "Core", "{F05731D9-DA63-42F7-A173-64F905930D3E}"
EndProject
Project("{2150E333-8FDC-42A3-9474-1A3956D46DE8}") = "Pipeline", "Pipeline", "{5D52E676-77BE-4639-B400-EA1438632BA2}"
EndProject
Project("{2150E333-8FDC-42A3-9474-1A3956D46DE8}") = "Tests", "Tests", "{6E53E7A9-9BB7-49CE-8E5D-1546BE67A0F1}"
EndProject
Project("{2150E333-8FDC-42A3-9474-1A3956D46DE8}") = "Chakad", "Chakad", "{35C55DDF-9304-42F5-B860-38AB7A44FED0}"
EndProject
Project("{2150E333-8FDC-42A3-9474-1A3956D46DE8}") = "Samples", "Samples", "{B4E016C2-485C-42FD-8D6E-10630115E79E}"
EndProject
Project("{2150E333-8FDC-42A3-9474-1A3956D46DE8}") = "Console", "Console", "{DC400704-61F8-4694-8E36-C6EAE8DA6FF9}"
EndProject
Project("{FAE04EC0-301F-11D3-BF4B-00C04F79EFBC}") = "Chakad.Core", "Chakad\Core\Chakad.Core.csproj", "{AE9C8299-4B7D-4BC4-8B8C-C4046E5D094C}"
EndProject
Project("{FAE04EC0-301F-11D3-BF4B-00C04F79EFBC}") = "Chakad.Pipeline.Core", "Chakad\Pipeline\Core\Chakad.Pipeline.Core.csproj", "{275E7E62-DA5F-4128-99C0-CC7BEEA140C1}"
EndProject
Project("{FAE04EC0-301F-11D3-BF4B-00C04F79EFBC}") = "Chakad.Pipeline", "Chakad\Pipeline\Pipeline\Chakad.Pipeline.csproj", "{A4ADE3C1-7A32-4A54-BB6A-265ABA41CE44}"
EndProject
Project("{2150E333-8FDC-42A3-9474-1A3956D46DE8}") = "Messages", "Messages", "{724DFA15-A167-4944-A70E-33D6E75C696E}"
EndProject
Project("{FAE04EC0-301F-11D3-BF4B-00C04F79EFBC}") = "Chakad.Messages", "Samples\Console\Messages\Chakad.Messages.csproj", "{78AB73FB-D181-4EB8-98AD-BBD1FFEDB853}"
EndProject
Project("{2150E333-8FDC-42A3-9474-1A3956D46DE8}") = "Handlers", "Handlers", "{FBCBBD4E-BC22-41C6-B8DD-B0B676A4F6DE}"
EndProject
Project("{FAE04EC0-301F-11D3-BF4B-00C04F79EFBC}") = "Chakad.MessageHandler", "Samples\Console\Handlers\Chakad.MessageHandler.csproj", "{D76B9C2D-F57B-43C1-95A9-89B48E91FEAD}"
EndProject
Project("{FAE04EC0-301F-11D3-BF4B-00C04F79EFBC}") = "Chakad.Console", "Samples\Console\Console\Chakad.Console.csproj", "{5761F563-2D87-46CC-B87F-2C8AE0C507B1}"
EndProject
Project("{FAE04EC0-301F-11D3-BF4B-00C04F79EFBC}") = "Chakad.Bootstraper", "Samples\Console\Bootstraper\Chakad.Bootstraper.csproj", "{260321E3-316C-4373-8326-3AC968C924EB}"
EndProject
Project("{2150E333-8FDC-42A3-9474-1A3956D46DE8}") = "Bootstraper", "Bootstraper", "{47415B4E-5E12-4BD0-85B4-AD8525AA265B}"
EndProject
Project("{FAE04EC0-301F-11D3-BF4B-00C04F79EFBC}") = "Chakad.Tests", "Tests\Chakad.Tests.csproj", "{4636F5A7-D81D-4D17-852F-32B0D48270B6}"
EndProject
Project("{2150E333-8FDC-42A3-9474-1A3956D46DE8}") = "PhoneBook", "PhoneBook", "{46147045-478E-4B33-8C6B-C6C9FBD83AF1}"
EndProject
Project("{FAE04EC0-301F-11D3-BF4B-00C04F79EFBC}") = "Chakad.Samples.PhoneBook.Model", "Samples\PhoneBook\Model\Chakad.Samples.PhoneBook.Model.csproj", "{79F2A46C-89C0-4615-8B3D-752085834DB9}"
EndProject
Project("{2150E333-8FDC-42A3-9474-1A3956D46DE8}") = "Model", "Model", "{0D89141B-2D26-45A0-BAE0-A57A9FADCABD}"
EndProject
Project("{2150E333-8FDC-42A3-9474-1A3956D46DE8}") = "Repository", "Repository", "{D8C11C94-E7F0-42C5-8956-7B7DD773DDDD}"
EndProject
Project("{FAE04EC0-301F-11D3-BF4B-00C04F79EFBC}") = "Chakad.Sample.PhoneBook.Repository", "Samples\PhoneBook\Repository\Chakad.Sample.PhoneBook.Repository.csproj", "{859338CC-26E8-44C5-9A9B-8BAE196CED31}"
EndProject
Project("{2150E333-8FDC-42A3-9474-1A3956D46DE8}") = "Query", "Query", "{62F3D88B-FF92-4D1E-A9EF-A77615BC3F33}"
EndProject
Project("{2150E333-8FDC-42A3-9474-1A3956D46DE8}") = "Messages", "Messages", "{0E33E3C1-2C07-419E-9BB3-6583EECF0DFD}"
EndProject
Project("{2150E333-8FDC-42A3-9474-1A3956D46DE8}") = "Handlers", "Handlers", "{2DFC4F04-4F74-4663-A86F-412BC2D377B8}"
EndProject
Project("{2150E333-8FDC-42A3-9474-1A3956D46DE8}") = "Command", "Command", "{DB15C555-77F9-437B-9179-8D3F6E2C8494}"
EndProject
Project("{FAE04EC0-301F-11D3-BF4B-00C04F79EFBC}") = "Chakad.Samples.PhoneBook.Query", "Samples\PhoneBook\Query\Messages\Chakad.Samples.PhoneBook.Query.csproj", "{3B01EA3E-B5A2-4FF1-B392-552576B5F749}"
EndProject
Project("{FAE04EC0-301F-11D3-BF4B-00C04F79EFBC}") = "Chakad.Samples.PhoneBook.QueryHandlers", "Samples\PhoneBook\Query\Handlers\Chakad.Samples.PhoneBook.QueryHandlers.csproj", "{6C70293E-2E00-486F-BE19-0FD22FCFADA8}"
EndProject
Project("{2150E333-8FDC-42A3-9474-1A3956D46DE8}") = "Messages", "Messages", "{41D65408-3673-4089-9789-9B10105FAADF}"
EndProject
Project("{2150E333-8FDC-42A3-9474-1A3956D46DE8}") = "Handlers", "Handlers", "{8CDCA73F-CC54-4923-843D-56A648B4645D}"
EndProject
Project("{FAE04EC0-301F-11D3-BF4B-00C04F79EFBC}") = "Chakad.Samples.PhoneBook.Commands", "Samples\PhoneBook\Command\Messages\Chakad.Samples.PhoneBook.Commands.csproj", "{78597D52-8CC7-4C8F-9C72-A72F94BB42F6}"
EndProject
Project("{FAE04EC0-301F-11D3-BF4B-00C04F79EFBC}") = "Chakad.Samples.PhoneBook.CommandHandlers", "Samples\PhoneBook\Command\Handlers\Chakad.Samples.PhoneBook.CommandHandlers.csproj", "{E7B9B29A-BBCF-4ED7-9839-8CE55C730365}"
EndProject
Project("{FAE04EC0-301F-11D3-BF4B-00C04F79EFBC}") = "Chakad.Samples.PhoneBook.Bootstraper", "Samples\PhoneBook\Bootstraper\Chakad.Samples.PhoneBook.Bootstraper.csproj", "{C9AA6A00-3DDE-4EAF-8541-82699C240698}"
EndProject
Project("{2150E333-8FDC-42A3-9474-1A3956D46DE8}") = "Bootstraper", "Bootstraper", "{5B57E16C-6CEA-4D87-ABDE-D85BBA54A256}"
EndProject
Global
	GlobalSection(SolutionConfigurationPlatforms) = preSolution
		Debug|Any CPU = Debug|Any CPU
		Release|Any CPU = Release|Any CPU
	EndGlobalSection
	GlobalSection(ProjectConfigurationPlatforms) = postSolution
		{AE9C8299-4B7D-4BC4-8B8C-C4046E5D094C}.Debug|Any CPU.ActiveCfg = Debug|Any CPU
		{AE9C8299-4B7D-4BC4-8B8C-C4046E5D094C}.Debug|Any CPU.Build.0 = Debug|Any CPU
		{AE9C8299-4B7D-4BC4-8B8C-C4046E5D094C}.Release|Any CPU.ActiveCfg = Release|Any CPU
		{AE9C8299-4B7D-4BC4-8B8C-C4046E5D094C}.Release|Any CPU.Build.0 = Release|Any CPU
		{275E7E62-DA5F-4128-99C0-CC7BEEA140C1}.Debug|Any CPU.ActiveCfg = Debug|Any CPU
		{275E7E62-DA5F-4128-99C0-CC7BEEA140C1}.Debug|Any CPU.Build.0 = Debug|Any CPU
		{275E7E62-DA5F-4128-99C0-CC7BEEA140C1}.Release|Any CPU.ActiveCfg = Release|Any CPU
		{275E7E62-DA5F-4128-99C0-CC7BEEA140C1}.Release|Any CPU.Build.0 = Release|Any CPU
		{A4ADE3C1-7A32-4A54-BB6A-265ABA41CE44}.Debug|Any CPU.ActiveCfg = Debug|Any CPU
		{A4ADE3C1-7A32-4A54-BB6A-265ABA41CE44}.Debug|Any CPU.Build.0 = Debug|Any CPU
		{A4ADE3C1-7A32-4A54-BB6A-265ABA41CE44}.Release|Any CPU.ActiveCfg = Release|Any CPU
		{A4ADE3C1-7A32-4A54-BB6A-265ABA41CE44}.Release|Any CPU.Build.0 = Release|Any CPU
		{78AB73FB-D181-4EB8-98AD-BBD1FFEDB853}.Debug|Any CPU.ActiveCfg = Debug|Any CPU
		{78AB73FB-D181-4EB8-98AD-BBD1FFEDB853}.Debug|Any CPU.Build.0 = Debug|Any CPU
		{78AB73FB-D181-4EB8-98AD-BBD1FFEDB853}.Release|Any CPU.ActiveCfg = Release|Any CPU
		{78AB73FB-D181-4EB8-98AD-BBD1FFEDB853}.Release|Any CPU.Build.0 = Release|Any CPU
		{D76B9C2D-F57B-43C1-95A9-89B48E91FEAD}.Debug|Any CPU.ActiveCfg = Debug|Any CPU
		{D76B9C2D-F57B-43C1-95A9-89B48E91FEAD}.Debug|Any CPU.Build.0 = Debug|Any CPU
		{D76B9C2D-F57B-43C1-95A9-89B48E91FEAD}.Release|Any CPU.ActiveCfg = Release|Any CPU
		{D76B9C2D-F57B-43C1-95A9-89B48E91FEAD}.Release|Any CPU.Build.0 = Release|Any CPU
		{5761F563-2D87-46CC-B87F-2C8AE0C507B1}.Debug|Any CPU.ActiveCfg = Debug|Any CPU
		{5761F563-2D87-46CC-B87F-2C8AE0C507B1}.Debug|Any CPU.Build.0 = Debug|Any CPU
		{5761F563-2D87-46CC-B87F-2C8AE0C507B1}.Release|Any CPU.ActiveCfg = Release|Any CPU
		{5761F563-2D87-46CC-B87F-2C8AE0C507B1}.Release|Any CPU.Build.0 = Release|Any CPU
		{260321E3-316C-4373-8326-3AC968C924EB}.Debug|Any CPU.ActiveCfg = Debug|Any CPU
		{260321E3-316C-4373-8326-3AC968C924EB}.Debug|Any CPU.Build.0 = Debug|Any CPU
		{260321E3-316C-4373-8326-3AC968C924EB}.Release|Any CPU.ActiveCfg = Release|Any CPU
		{260321E3-316C-4373-8326-3AC968C924EB}.Release|Any CPU.Build.0 = Release|Any CPU
		{4636F5A7-D81D-4D17-852F-32B0D48270B6}.Debug|Any CPU.ActiveCfg = Debug|Any CPU
		{4636F5A7-D81D-4D17-852F-32B0D48270B6}.Debug|Any CPU.Build.0 = Debug|Any CPU
		{4636F5A7-D81D-4D17-852F-32B0D48270B6}.Release|Any CPU.ActiveCfg = Release|Any CPU
		{4636F5A7-D81D-4D17-852F-32B0D48270B6}.Release|Any CPU.Build.0 = Release|Any CPU
		{79F2A46C-89C0-4615-8B3D-752085834DB9}.Debug|Any CPU.ActiveCfg = Debug|Any CPU
		{79F2A46C-89C0-4615-8B3D-752085834DB9}.Debug|Any CPU.Build.0 = Debug|Any CPU
		{79F2A46C-89C0-4615-8B3D-752085834DB9}.Release|Any CPU.ActiveCfg = Release|Any CPU
		{79F2A46C-89C0-4615-8B3D-752085834DB9}.Release|Any CPU.Build.0 = Release|Any CPU
		{859338CC-26E8-44C5-9A9B-8BAE196CED31}.Debug|Any CPU.ActiveCfg = Debug|Any CPU
		{859338CC-26E8-44C5-9A9B-8BAE196CED31}.Debug|Any CPU.Build.0 = Debug|Any CPU
		{859338CC-26E8-44C5-9A9B-8BAE196CED31}.Release|Any CPU.ActiveCfg = Release|Any CPU
		{859338CC-26E8-44C5-9A9B-8BAE196CED31}.Release|Any CPU.Build.0 = Release|Any CPU
		{3B01EA3E-B5A2-4FF1-B392-552576B5F749}.Debug|Any CPU.ActiveCfg = Debug|Any CPU
		{3B01EA3E-B5A2-4FF1-B392-552576B5F749}.Debug|Any CPU.Build.0 = Debug|Any CPU
		{3B01EA3E-B5A2-4FF1-B392-552576B5F749}.Release|Any CPU.ActiveCfg = Release|Any CPU
		{3B01EA3E-B5A2-4FF1-B392-552576B5F749}.Release|Any CPU.Build.0 = Release|Any CPU
		{6C70293E-2E00-486F-BE19-0FD22FCFADA8}.Debug|Any CPU.ActiveCfg = Debug|Any CPU
		{6C70293E-2E00-486F-BE19-0FD22FCFADA8}.Debug|Any CPU.Build.0 = Debug|Any CPU
		{6C70293E-2E00-486F-BE19-0FD22FCFADA8}.Release|Any CPU.ActiveCfg = Release|Any CPU
		{6C70293E-2E00-486F-BE19-0FD22FCFADA8}.Release|Any CPU.Build.0 = Release|Any CPU
		{78597D52-8CC7-4C8F-9C72-A72F94BB42F6}.Debug|Any CPU.ActiveCfg = Debug|Any CPU
		{78597D52-8CC7-4C8F-9C72-A72F94BB42F6}.Debug|Any CPU.Build.0 = Debug|Any CPU
		{78597D52-8CC7-4C8F-9C72-A72F94BB42F6}.Release|Any CPU.ActiveCfg = Release|Any CPU
		{78597D52-8CC7-4C8F-9C72-A72F94BB42F6}.Release|Any CPU.Build.0 = Release|Any CPU
		{E7B9B29A-BBCF-4ED7-9839-8CE55C730365}.Debug|Any CPU.ActiveCfg = Debug|Any CPU
		{E7B9B29A-BBCF-4ED7-9839-8CE55C730365}.Debug|Any CPU.Build.0 = Debug|Any CPU
		{E7B9B29A-BBCF-4ED7-9839-8CE55C730365}.Release|Any CPU.ActiveCfg = Release|Any CPU
		{E7B9B29A-BBCF-4ED7-9839-8CE55C730365}.Release|Any CPU.Build.0 = Release|Any CPU
		{C9AA6A00-3DDE-4EAF-8541-82699C240698}.Debug|Any CPU.ActiveCfg = Debug|Any CPU
		{C9AA6A00-3DDE-4EAF-8541-82699C240698}.Debug|Any CPU.Build.0 = Debug|Any CPU
		{C9AA6A00-3DDE-4EAF-8541-82699C240698}.Release|Any CPU.ActiveCfg = Release|Any CPU
		{C9AA6A00-3DDE-4EAF-8541-82699C240698}.Release|Any CPU.Build.0 = Release|Any CPU
	EndGlobalSection
	GlobalSection(SolutionProperties) = preSolution
		HideSolutionNode = FALSE
	EndGlobalSection
	GlobalSection(NestedProjects) = preSolution
		{F05731D9-DA63-42F7-A173-64F905930D3E} = {35C55DDF-9304-42F5-B860-38AB7A44FED0}
		{5D52E676-77BE-4639-B400-EA1438632BA2} = {35C55DDF-9304-42F5-B860-38AB7A44FED0}
		{DC400704-61F8-4694-8E36-C6EAE8DA6FF9} = {B4E016C2-485C-42FD-8D6E-10630115E79E}
		{AE9C8299-4B7D-4BC4-8B8C-C4046E5D094C} = {F05731D9-DA63-42F7-A173-64F905930D3E}
		{275E7E62-DA5F-4128-99C0-CC7BEEA140C1} = {5D52E676-77BE-4639-B400-EA1438632BA2}
		{A4ADE3C1-7A32-4A54-BB6A-265ABA41CE44} = {5D52E676-77BE-4639-B400-EA1438632BA2}
		{724DFA15-A167-4944-A70E-33D6E75C696E} = {DC400704-61F8-4694-8E36-C6EAE8DA6FF9}
		{78AB73FB-D181-4EB8-98AD-BBD1FFEDB853} = {724DFA15-A167-4944-A70E-33D6E75C696E}
		{FBCBBD4E-BC22-41C6-B8DD-B0B676A4F6DE} = {DC400704-61F8-4694-8E36-C6EAE8DA6FF9}
		{D76B9C2D-F57B-43C1-95A9-89B48E91FEAD} = {FBCBBD4E-BC22-41C6-B8DD-B0B676A4F6DE}
		{5761F563-2D87-46CC-B87F-2C8AE0C507B1} = {DC400704-61F8-4694-8E36-C6EAE8DA6FF9}
		{260321E3-316C-4373-8326-3AC968C924EB} = {47415B4E-5E12-4BD0-85B4-AD8525AA265B}
		{47415B4E-5E12-4BD0-85B4-AD8525AA265B} = {DC400704-61F8-4694-8E36-C6EAE8DA6FF9}
		{4636F5A7-D81D-4D17-852F-32B0D48270B6} = {6E53E7A9-9BB7-49CE-8E5D-1546BE67A0F1}
		{46147045-478E-4B33-8C6B-C6C9FBD83AF1} = {B4E016C2-485C-42FD-8D6E-10630115E79E}
		{79F2A46C-89C0-4615-8B3D-752085834DB9} = {0D89141B-2D26-45A0-BAE0-A57A9FADCABD}
		{0D89141B-2D26-45A0-BAE0-A57A9FADCABD} = {46147045-478E-4B33-8C6B-C6C9FBD83AF1}
		{D8C11C94-E7F0-42C5-8956-7B7DD773DDDD} = {46147045-478E-4B33-8C6B-C6C9FBD83AF1}
		{859338CC-26E8-44C5-9A9B-8BAE196CED31} = {D8C11C94-E7F0-42C5-8956-7B7DD773DDDD}
		{62F3D88B-FF92-4D1E-A9EF-A77615BC3F33} = {46147045-478E-4B33-8C6B-C6C9FBD83AF1}
		{0E33E3C1-2C07-419E-9BB3-6583EECF0DFD} = {62F3D88B-FF92-4D1E-A9EF-A77615BC3F33}
		{2DFC4F04-4F74-4663-A86F-412BC2D377B8} = {62F3D88B-FF92-4D1E-A9EF-A77615BC3F33}
		{DB15C555-77F9-437B-9179-8D3F6E2C8494} = {46147045-478E-4B33-8C6B-C6C9FBD83AF1}
		{3B01EA3E-B5A2-4FF1-B392-552576B5F749} = {0E33E3C1-2C07-419E-9BB3-6583EECF0DFD}
		{6C70293E-2E00-486F-BE19-0FD22FCFADA8} = {2DFC4F04-4F74-4663-A86F-412BC2D377B8}
		{41D65408-3673-4089-9789-9B10105FAADF} = {DB15C555-77F9-437B-9179-8D3F6E2C8494}
		{8CDCA73F-CC54-4923-843D-56A648B4645D} = {DB15C555-77F9-437B-9179-8D3F6E2C8494}
		{78597D52-8CC7-4C8F-9C72-A72F94BB42F6} = {41D65408-3673-4089-9789-9B10105FAADF}
		{E7B9B29A-BBCF-4ED7-9839-8CE55C730365} = {8CDCA73F-CC54-4923-843D-56A648B4645D}
		{C9AA6A00-3DDE-4EAF-8541-82699C240698} = {5B57E16C-6CEA-4D87-ABDE-D85BBA54A256}
		{5B57E16C-6CEA-4D87-ABDE-D85BBA54A256} = {46147045-478E-4B33-8C6B-C6C9FBD83AF1}
	EndGlobalSection
EndGlobal
